
Microsoft Visual Studio Solution File, Format Version 12.00
# Visual Studio Version 16
VisualStudioVersion = 16.0.30225.117
MinimumVisualStudioVersion = 10.0.40219.1
Project("{FAE04EC0-301F-11D3-BF4B-00C04F79EFBC}") = "TopHalf", "TopHalf\TopHalf.csproj", "{1E82A308-B97D-4B81-A767-6D242676F362}"
EndProject
Global
	GlobalSection(SolutionConfigurationPlatforms) = preSolution
		Debug|Any CPU = Debug|Any CPU
		Release|Any CPU = Release|Any CPU
	EndGlobalSection
	GlobalSection(ProjectConfigurationPlatforms) = postSolution
		{1E82A308-B97D-4B81-A767-6D242676F362}.Debug|Any CPU.ActiveCfg = Debug|Any CPU
		{1E82A308-B97D-4B81-A767-6D242676F362}.Debug|Any CPU.Build.0 = Debug|Any CPU
		{1E82A308-B97D-4B81-A767-6D242676F362}.Release|Any CPU.ActiveCfg = Release|Any CPU
		{1E82A308-B97D-4B81-A767-6D242676F362}.Release|Any CPU.Build.0 = Release|Any CPU
	EndGlobalSection
	GlobalSection(SolutionProperties) = preSolution
		HideSolutionNode = FALSE
	EndGlobalSection
	GlobalSection(ExtensibilityGlobals) = postSolution
		SolutionGuid = {C74FCF30-AA5F-46DF-A1FC-65EDDDA3FA7B}
	EndGlobalSection
EndGlobal
